# THIS IS AN AUTOGENERATED FILE. DO NOT EDIT THIS FILE DIRECTLY.
# yarn lockfile v1


temp-units-conv@^1.0.2:
  version "1.0.2"
  resolved "https://registry.yarnpkg.com/temp-units-conv/-/temp-units-conv-1.0.2.tgz#7766e9fd58e3a6b5d3cb6b7966d55c4d72cbd531"
  integrity sha512-+yCh3r1VWwV5caJxgT2A1Q7iORqR4gOErvgLBY2RL4UTYq8aNy0aDlN/FAjPREU/Y0iT8ZDi1IWM30dNFZQWlw==
